id: quant.int8.per_block
name: int8_per_block
category: Quantize
category_id: 6
sub: int8_quantize
issue: 401
files:
  kernel: []
  op: []
  tests: []
  bench: []
files_last_scanned: '2026-03-18T10:07:42Z'
func_score: null
func_score_notes: ''
func_score_updated: null
perf_score: null
perf_details:
  baseline: null
  last_run: null
  summary: null
  results: []
perf_score_updated: null
has_bugs: null
bugs: []
kernel_last_updated: null
kernel_last_pr_number: null
kernel_last_pr_url: null
kernel_last_pr_author: null
kernel_last_pr_title: null
test_status:
  last_run: null
  passed: null
  errors: []
last_updated: '2026-03-18T10:07:42Z'
updated_by: bootstrap
