id: quant.fp8.per_block
name: fp8_per_block
category: Quantize
category_id: 6
sub: fp8_quantize
issue: 401
files:
  kernel:
  - tileops/kernels/deepseek_mla/fp8_quant.py
  op: []
  tests: []
  bench:
  - benchmarks/ops/bench_fp8_quant.py::bench_fp8_per_block
files_last_scanned: '2026-03-22T20:20:49Z'
func_score: 1
func_score_notes: 测试缺失，功能未验证
func_score_updated: '2026-03-26'
perf_score: null
perf_details:
  baseline: null
  last_run: null
  summary: null
  results: []
perf_score_updated: '2026-03-26'
has_bugs: true
bugs:
- 测试用例缺失
kernel_last_updated: null
kernel_last_pr_number: null
kernel_last_pr_url: null
kernel_last_pr_author: null
kernel_last_pr_title: null
test_status:
  last_run: '2026-03-28'
  passed: null
  errors: []
  status: missing
last_updated: '2026-03-28T22:26:58Z'
updated_by: nightly-auto
bench_status:
  last_run: '2026-03-28'
  status: passed
  ratio: null
  details: []
